
Microsoft Visual Studio Solution File, Format Version 12.00
# Visual Studio Version 17
VisualStudioVersion = 17.5.002.0
MinimumVisualStudioVersion = 10.0.40219.1
Project("{9A19103F-16F7-4668-BE54-9A1E7A4F7556}") = "Documents", "Documents.csproj", "{2684DF53-BD2B-4069-B2ED-48A4E56E4CD9}"
EndProject
Global
	GlobalSection(SolutionConfigurationPlatforms) = preSolution
		Debug|Any CPU = Debug|Any CPU
		Release|Any CPU = Release|Any CPU
	EndGlobalSection
	GlobalSection(ProjectConfigurationPlatforms) = postSolution
		{2684DF53-BD2B-4069-B2ED-48A4E56E4CD9}.Debug|Any CPU.ActiveCfg = Debug|Any CPU
		{2684DF53-BD2B-4069-B2ED-48A4E56E4CD9}.Debug|Any CPU.Build.0 = Debug|Any CPU
		{2684DF53-BD2B-4069-B2ED-48A4E56E4CD9}.Release|Any CPU.ActiveCfg = Release|Any CPU
		{2684DF53-BD2B-4069-B2ED-48A4E56E4CD9}.Release|Any CPU.Build.0 = Release|Any CPU
	EndGlobalSection
	GlobalSection(SolutionProperties) = preSolution
		HideSolutionNode = FALSE
	EndGlobalSection
	GlobalSection(ExtensibilityGlobals) = postSolution
		SolutionGuid = {644B144B-9CB0-4346-83F6-8668943AF51B}
	EndGlobalSection
EndGlobal
